
Microsoft Visual Studio Solution File, Format Version 12.00
# Visual Studio Version 17
VisualStudioVersion = 17.5.33516.290
MinimumVisualStudioVersion = 10.0.40219.1
Project("{FAE04EC0-301F-11D3-BF4B-00C04F79EFBC}") = "BPE Automation", "BPE Automation\BPE Automation.csproj", "{658C63E5-B138-4B52-BC50-D7727FAAAF7E}"
EndProject
Global
	GlobalSection(SolutionConfigurationPlatforms) = preSolution
		Debug|Any CPU = Debug|Any CPU
		Release|Any CPU = Release|Any CPU
	EndGlobalSection
	GlobalSection(ProjectConfigurationPlatforms) = postSolution
		{658C63E5-B138-4B52-BC50-D7727FAAAF7E}.Debug|Any CPU.ActiveCfg = Debug|Any CPU
		{658C63E5-B138-4B52-BC50-D7727FAAAF7E}.Debug|Any CPU.Build.0 = Debug|Any CPU
		{658C63E5-B138-4B52-BC50-D7727FAAAF7E}.Release|Any CPU.ActiveCfg = Release|Any CPU
		{658C63E5-B138-4B52-BC50-D7727FAAAF7E}.Release|Any CPU.Build.0 = Release|Any CPU
	EndGlobalSection
	GlobalSection(SolutionProperties) = preSolution
		HideSolutionNode = FALSE
	EndGlobalSection
	GlobalSection(ExtensibilityGlobals) = postSolution
		SolutionGuid = {46FAA180-BC39-421E-852D-CE83092F0AF8}
	EndGlobalSection
EndGlobal
